
Microsoft Visual Studio Solution File, Format Version 12.00
# Visual Studio 15
VisualStudioVersion = 15.0.27703.2026
MinimumVisualStudioVersion = 10.0.40219.1
Project("{8BC9CEB8-8B4A-11D0-8D11-00A0C91BC942}") = "opencv_demo", "opencv_demo\opencv_demo.vcxproj", "{0158F91B-2E26-403E-9966-15DDB43CA359}"
EndProject
Global
	GlobalSection(SolutionConfigurationPlatforms) = preSolution
		Debug|x64 = Debug|x64
		Debug|x86 = Debug|x86
		Release|x64 = Release|x64
		Release|x86 = Release|x86
	EndGlobalSection
	GlobalSection(ProjectConfigurationPlatforms) = postSolution
		{0158F91B-2E26-403E-9966-15DDB43CA359}.Debug|x64.ActiveCfg = Debug|x64
		{0158F91B-2E26-403E-9966-15DDB43CA359}.Debug|x64.Build.0 = Debug|x64
		{0158F91B-2E26-403E-9966-15DDB43CA359}.Debug|x86.ActiveCfg = Debug|Win32
		{0158F91B-2E26-403E-9966-15DDB43CA359}.Debug|x86.Build.0 = Debug|Win32
		{0158F91B-2E26-403E-9966-15DDB43CA359}.Release|x64.ActiveCfg = Release|x64
		{0158F91B-2E26-403E-9966-15DDB43CA359}.Release|x64.Build.0 = Release|x64
		{0158F91B-2E26-403E-9966-15DDB43CA359}.Release|x86.ActiveCfg = Release|Win32
		{0158F91B-2E26-403E-9966-15DDB43CA359}.Release|x86.Build.0 = Release|Win32
	EndGlobalSection
	GlobalSection(SolutionProperties) = preSolution
		HideSolutionNode = FALSE
	EndGlobalSection
	GlobalSection(ExtensibilityGlobals) = postSolution
		SolutionGuid = {57965BF4-9E60-457D-95D7-B5B59E4F8098}
	EndGlobalSection
EndGlobal
